// !$*UTF8*$!
{
	archiveVersion = 1;
	classes = {
	};
	objectVersion = 46;
	objects = {

/* Begin PBXBuildFile section */
		8F4C05BB1C988C8900162834 /* AppDelegate.swift in Sources */ = {isa = PBXBuildFile; fileRef = 8F4C05BA1C988C8900162834 /* AppDelegate.swift */; };
		8F4C05BE1C988C8900162834 /* UserAlbum.xcdatamodeld in Sources */ = {isa = PBXBuildFile; fileRef = 8F4C05BC1C988C8900162834 /* UserAlbum.xcdatamodeld */; };
		8F4C05C01C988C8900162834 /* UsersViewController.swift in Sources */ = {isa = PBXBuildFile; fileRef = 8F4C05BF1C988C8900162834 /* UsersViewController.swift */; };
		8F4C05C21C988C8900162834 /* DetailViewController.swift in Sources */ = {isa = PBXBuildFile; fileRef = 8F4C05C11C988C8900162834 /* DetailViewController.swift */; };
		8F4C05C51C988C8900162834 /* Main.storyboard in Resources */ = {isa = PBXBuildFile; fileRef = 8F4C05C31C988C8900162834 /* Main.storyboard */; };
		8F4C05C71C988C8900162834 /* Assets.xcassets in Resources */ = {isa = PBXBuildFile; fileRef = 8F4C05C61C988C8900162834 /* Assets.xcassets */; };
		8F4C05CA1C988C8900162834 /* LaunchScreen.storyboard in Resources */ = {isa = PBXBuildFile; fileRef = 8F4C05C81C988C8900162834 /* LaunchScreen.storyboard */; };
		8F4C05D51C988C8900162834 /* UserAlbumTests.swift in Sources */ = {isa = PBXBuildFile; fileRef = 8F4C05D41C988C8900162834 /* UserAlbumTests.swift */; };
		8F4C05F41C988F9400162834 /* Album.swift in Sources */ = {isa = PBXBuildFile; fileRef = 8F4C05ED1C988F9400162834 /* Album.swift */; };
		8F4C05F51C988F9400162834 /* Photo.swift in Sources */ = {isa = PBXBuildFile; fileRef = 8F4C05EE1C988F9400162834 /* Photo.swift */; };
		8F4C05F61C988F9400162834 /* User.swift in Sources */ = {isa = PBXBuildFile; fileRef = 8F4C05EF1C988F9400162834 /* User.swift */; };
		8F4C05F71C988F9400162834 /* _Album.swift in Sources */ = {isa = PBXBuildFile; fileRef = 8F4C05F11C988F9400162834 /* _Album.swift */; };
		8F4C05F81C988F9400162834 /* _Photo.swift in Sources */ = {isa = PBXBuildFile; fileRef = 8F4C05F21C988F9400162834 /* _Photo.swift */; };
		8F4C05F91C988F9400162834 /* _User.swift in Sources */ = {isa = PBXBuildFile; fileRef = 8F4C05F31C988F9400162834 /* _User.swift */; };
		8F4C05FB1C988FB200162834 /* APIAccessor.swift in Sources */ = {isa = PBXBuildFile; fileRef = 8F4C05FA1C988FB200162834 /* APIAccessor.swift */; };
		8F4C05FD1C989B6300162834 /* DataManager.swift in Sources */ = {isa = PBXBuildFile; fileRef = 8F4C05FC1C989B6300162834 /* DataManager.swift */; };
		8F4C05FF1C98AC8C00162834 /* AlbumsViewController.swift in Sources */ = {isa = PBXBuildFile; fileRef = 8F4C05FE1C98AC8C00162834 /* AlbumsViewController.swift */; };
		8F4C06011C98AC9700162834 /* PhotosViewController.swift in Sources */ = {isa = PBXBuildFile; fileRef = 8F4C06001C98AC9700162834 /* PhotosViewController.swift */; };
		8F4C06041C98B44E00162834 /* APIAccessor.swift in Sources */ = {isa = PBXBuildFile; fileRef = 8F4C05FA1C988FB200162834 /* APIAccessor.swift */; };
		8F4C06051C98B45200162834 /* DataManager.swift in Sources */ = {isa = PBXBuildFile; fileRef = 8F4C05FC1C989B6300162834 /* DataManager.swift */; };
		8F4C06061C98B48000162834 /* User.swift in Sources */ = {isa = PBXBuildFile; fileRef = 8F4C05EF1C988F9400162834 /* User.swift */; };
		8F4C06071C98B48300162834 /* Album.swift in Sources */ = {isa = PBXBuildFile; fileRef = 8F4C05ED1C988F9400162834 /* Album.swift */; };
		8F4C06081C98B48600162834 /* Photo.swift in Sources */ = {isa = PBXBuildFile; fileRef = 8F4C05EE1C988F9400162834 /* Photo.swift */; };
		8F4C06091C98B48A00162834 /* _User.swift in Sources */ = {isa = PBXBuildFile; fileRef = 8F4C05F31C988F9400162834 /* _User.swift */; };
		8F4C060A1C98B48F00162834 /* _Album.swift in Sources */ = {isa = PBXBuildFile; fileRef = 8F4C05F11C988F9400162834 /* _Album.swift */; };
		8F4C060B1C98B49300162834 /* _Photo.swift in Sources */ = {isa = PBXBuildFile; fileRef = 8F4C05F21C988F9400162834 /* _Photo.swift */; };
		8F885CC51C99973D0034BF33 /* UserCell.swift in Sources */ = {isa = PBXBuildFile; fileRef = 8F885CC41C99973D0034BF33 /* UserCell.swift */; };
		8F885CC91C99E3610034BF33 /* notes.md in Sources */ = {isa = PBXBuildFile; fileRef = 8F885CC81C99E3610034BF33 /* notes.md */; };
		8F885CF21C99E4400034BF33 /* Kingfisher.framework in Frameworks */ = {isa = PBXBuildFile; fileRef = 8F885CDA1C99E3E10034BF33 /* Kingfisher.framework */; };
		8F885CF41C99E49D0034BF33 /* Kingfisher.framework in Copy Frameworks */ = {isa = PBXBuildFile; fileRef = 8F885CDA1C99E3E10034BF33 /* Kingfisher.framework */; settings = {ATTRIBUTES = (CodeSignOnCopy, RemoveHeadersOnCopy, ); }; };
/* End PBXBuildFile section */

/* Begin PBXContainerItemProxy section */
		8F4C05D11C988C8900162834 /* PBXContainerItemProxy */ = {
			isa = PBXContainerItemProxy;
			containerPortal = 8F4C05AF1C988C8900162834 /* Project object */;
			proxyType = 1;
			remoteGlobalIDString = 8F4C05B61C988C8900162834;
			remoteInfo = UserAlbum;
		};
		8F885CD91C99E3E10034BF33 /* PBXContainerItemProxy */ = {
			isa = PBXContainerItemProxy;
			containerPortal = 8F885CCA1C99E3E10034BF33 /* Kingfisher.xcodeproj */;
			proxyType = 2;
			remoteGlobalIDString = D1ED2D351AD2D09F00CFC3EB;
			remoteInfo = "Kingfisher-iOS";
		};
		8F885CDB1C99E3E10034BF33 /* PBXContainerItemProxy */ = {
			isa = PBXContainerItemProxy;
			containerPortal = 8F885CCA1C99E3E10034BF33 /* Kingfisher.xcodeproj */;
			proxyType = 2;
			remoteGlobalIDString = D13F49D61BEDA67C00CE335D;
			remoteInfo = "Kingfisher-tvOS";
		};
		8F885CDD1C99E3E10034BF33 /* PBXContainerItemProxy */ = {
			isa = PBXContainerItemProxy;
			containerPortal = 8F885CCA1C99E3E10034BF33 /* Kingfisher.xcodeproj */;
			proxyType = 2;
			remoteGlobalIDString = 4B2944481C3D01B20088C3E7;
			remoteInfo = "Kingfisher-OSX";
		};
		8F885CDF1C99E3E10034BF33 /* PBXContainerItemProxy */ = {
			isa = PBXContainerItemProxy;
			containerPortal = 8F885CCA1C99E3E10034BF33 /* Kingfisher.xcodeproj */;
			proxyType = 2;
			remoteGlobalIDString = D16799EB1C4E74460020FD12;
			remoteInfo = "Kingfisher-watchOS";
		};
		8F885CE11C99E3E10034BF33 /* PBXContainerItemProxy */ = {
			isa = PBXContainerItemProxy;
			containerPortal = 8F885CCA1C99E3E10034BF33 /* Kingfisher.xcodeproj */;
			proxyType = 2;
			remoteGlobalIDString = D1ED2D0B1AD2CFA600CFC3EB;
			remoteInfo = "Kingfisher-Demo";
		};
		8F885CE31C99E3E10034BF33 /* PBXContainerItemProxy */ = {
			isa = PBXContainerItemProxy;
			containerPortal = 8F885CCA1C99E3E10034BF33 /* Kingfisher.xcodeproj */;
			proxyType = 2;
			remoteGlobalIDString = D13F49C21BEDA53F00CE335D;
			remoteInfo = "Kingfisher-tvOS-Demo";
		};
		8F885CE51C99E3E10034BF33 /* PBXContainerItemProxy */ = {
			isa = PBXContainerItemProxy;
			containerPortal = 8F885CCA1C99E3E10034BF33 /* Kingfisher.xcodeproj */;
			proxyType = 2;
			remoteGlobalIDString = 4B2944551C3D03880088C3E7;
			remoteInfo = "Kingfisher-OSX-Demo";
		};
		8F885CE71C99E3E10034BF33 /* PBXContainerItemProxy */ = {
			isa = PBXContainerItemProxy;
			containerPortal = 8F885CCA1C99E3E10034BF33 /* Kingfisher.xcodeproj */;
			proxyType = 2;
			remoteGlobalIDString = D1679A391C4E78B20020FD12;
			remoteInfo = "Kingfisher-watchOS-Demo";
		};
		8F885CE91C99E3E10034BF33 /* PBXContainerItemProxy */ = {
			isa = PBXContainerItemProxy;
			containerPortal = 8F885CCA1C99E3E10034BF33 /* Kingfisher.xcodeproj */;
			proxyType = 2;
			remoteGlobalIDString = D1679A451C4E78B20020FD12;
			remoteInfo = "Kingfisher-watchOS-Demo Extension";
		};
		8F885CEB1C99E3E10034BF33 /* PBXContainerItemProxy */ = {
			isa = PBXContainerItemProxy;
			containerPortal = 8F885CCA1C99E3E10034BF33 /* Kingfisher.xcodeproj */;
			proxyType = 2;
			remoteGlobalIDString = D1ED2D3F1AD2D09F00CFC3EB;
			remoteInfo = KingfisherTests;
		};
		8F885CED1C99E3E10034BF33 /* PBXContainerItemProxy */ = {
			isa = PBXContainerItemProxy;
			containerPortal = 8F885CCA1C99E3E10034BF33 /* Kingfisher.xcodeproj */;
			proxyType = 2;
			remoteGlobalIDString = 4B37667F1C478F940001443F;
			remoteInfo = "KingfisherTests-tvOS";
		};
		8F885CEF1C99E3E10034BF33 /* PBXContainerItemProxy */ = {
			isa = PBXContainerItemProxy;
			containerPortal = 8F885CCA1C99E3E10034BF33 /* Kingfisher.xcodeproj */;
			proxyType = 2;
			remoteGlobalIDString = D10EC2311C3D632300A4211C;
			remoteInfo = "KingfisherTests-OSX";
		};
/* End PBXContainerItemProxy section */

/* Begin PBXCopyFilesBuildPhase section */
		8F885CF31C99E4600034BF33 /* Copy Frameworks */ = {
			isa = PBXCopyFilesBuildPhase;
			buildActionMask = 2147483647;
			dstPath = "";
			dstSubfolderSpec = 10;
			files = (
				8F885CF41C99E49D0034BF33 /* Kingfisher.framework in Copy Frameworks */,
			);
			name = "Copy Frameworks";
			runOnlyForDeploymentPostprocessing = 0;
		};
/* End PBXCopyFilesBuildPhase section */

/* Begin PBXFileReference section */
		8F4C05B71C988C8900162834 /* UserAlbum.app */ = {isa = PBXFileReference; explicitFileType = wrapper.application; includeInIndex = 0; path = UserAlbum.app; sourceTree = BUILT_PRODUCTS_DIR; };
		8F4C05BA1C988C8900162834 /* AppDelegate.swift */ = {isa = PBXFileReference; lastKnownFileType = sourcecode.swift; path = AppDelegate.swift; sourceTree = "<group>"; };
		8F4C05BD1C988C8900162834 /* UserAlbum.xcdatamodel */ = {isa = PBXFileReference; lastKnownFileType = wrapper.xcdatamodel; path = UserAlbum.xcdatamodel; sourceTree = "<group>"; };
		8F4C05BF1C988C8900162834 /* UsersViewController.swift */ = {isa = PBXFileReference; lastKnownFileType = sourcecode.swift; path = UsersViewController.swift; sourceTree = "<group>"; };
		8F4C05C11C988C8900162834 /* DetailViewController.swift */ = {isa = PBXFileReference; lastKnownFileType = sourcecode.swift; path = DetailViewController.swift; sourceTree = "<group>"; };
		8F4C05C41C988C8900162834 /* Base */ = {isa = PBXFileReference; lastKnownFileType = file.storyboard; name = Base; path = Base.lproj/Main.storyboard; sourceTree = "<group>"; };
		8F4C05C61C988C8900162834 /* Assets.xcassets */ = {isa = PBXFileReference; lastKnownFileType = folder.assetcatalog; path = Assets.xcassets; sourceTree = "<group>"; };
		8F4C05C91C988C8900162834 /* Base */ = {isa = PBXFileReference; lastKnownFileType = file.storyboard; name = Base; path = Base.lproj/LaunchScreen.storyboard; sourceTree = "<group>"; };
		8F4C05CB1C988C8900162834 /* Info.plist */ = {isa = PBXFileReference; lastKnownFileType = text.plist.xml; path = Info.plist; sourceTree = "<group>"; };
		8F4C05D01C988C8900162834 /* UserAlbumTests.xctest */ = {isa = PBXFileReference; explicitFileType = wrapper.cfbundle; includeInIndex = 0; path = UserAlbumTests.xctest; sourceTree = BUILT_PRODUCTS_DIR; };
		8F4C05D41C988C8900162834 /* UserAlbumTests.swift */ = {isa = PBXFileReference; lastKnownFileType = sourcecode.swift; path = UserAlbumTests.swift; sourceTree = "<group>"; };
		8F4C05D61C988C8900162834 /* Info.plist */ = {isa = PBXFileReference; lastKnownFileType = text.plist.xml; path = Info.plist; sourceTree = "<group>"; };
		8F4C05ED1C988F9400162834 /* Album.swift */ = {isa = PBXFileReference; fileEncoding = 4; lastKnownFileType = sourcecode.swift; path = Album.swift; sourceTree = "<group>"; };
		8F4C05EE1C988F9400162834 /* Photo.swift */ = {isa = PBXFileReference; fileEncoding = 4; lastKnownFileType = sourcecode.swift; path = Photo.swift; sourceTree = "<group>"; };
		8F4C05EF1C988F9400162834 /* User.swift */ = {isa = PBXFileReference; fileEncoding = 4; lastKnownFileType = sourcecode.swift; path = User.swift; sourceTree = "<group>"; };
		8F4C05F11C988F9400162834 /* _Album.swift */ = {isa = PBXFileReference; fileEncoding = 4; lastKnownFileType = sourcecode.swift; path = _Album.swift; sourceTree = "<group>"; };
		8F4C05F21C988F9400162834 /* _Photo.swift */ = {isa = PBXFileReference; fileEncoding = 4; lastKnownFileType = sourcecode.swift; path = _Photo.swift; sourceTree = "<group>"; };
		8F4C05F31C988F9400162834 /* _User.swift */ = {isa = PBXFileReference; fileEncoding = 4; lastKnownFileType = sourcecode.swift; path = _User.swift; sourceTree = "<group>"; };
		8F4C05FA1C988FB200162834 /* APIAccessor.swift */ = {isa = PBXFileReference; fileEncoding = 4; lastKnownFileType = sourcecode.swift; path = APIAccessor.swift; sourceTree = "<group>"; };
		8F4C05FC1C989B6300162834 /* DataManager.swift */ = {isa = PBXFileReference; fileEncoding = 4; lastKnownFileType = sourcecode.swift; path = DataManager.swift; sourceTree = "<group>"; };
		8F4C05FE1C98AC8C00162834 /* AlbumsViewController.swift */ = {isa = PBXFileReference; fileEncoding = 4; lastKnownFileType = sourcecode.swift; path = AlbumsViewController.swift; sourceTree = "<group>"; };
		8F4C06001C98AC9700162834 /* PhotosViewController.swift */ = {isa = PBXFileReference; fileEncoding = 4; lastKnownFileType = sourcecode.swift; path = PhotosViewController.swift; sourceTree = "<group>"; };
		8F885CC41C99973D0034BF33 /* UserCell.swift */ = {isa = PBXFileReference; fileEncoding = 4; lastKnownFileType = sourcecode.swift; path = UserCell.swift; sourceTree = "<group>"; };
		8F885CC81C99E3610034BF33 /* notes.md */ = {isa = PBXFileReference; fileEncoding = 4; lastKnownFileType = net.daringfireball.markdown; path = notes.md; sourceTree = "<group>"; };
		8F885CCA1C99E3E10034BF33 /* Kingfisher.xcodeproj */ = {isa = PBXFileReference; lastKnownFileType = "wrapper.pb-project"; name = Kingfisher.xcodeproj; path = Kingfisher/Kingfisher.xcodeproj; sourceTree = SOURCE_ROOT; };
/* End PBXFileReference section */

/* Begin PBXFrameworksBuildPhase section */
		8F4C05B41C988C8900162834 /* Frameworks */ = {
			isa = PBXFrameworksBuildPhase;
			buildActionMask = 2147483647;
			files = (
				8F885CF21C99E4400034BF33 /* Kingfisher.framework in Frameworks */,
			);
			runOnlyForDeploymentPostprocessing = 0;
		};
		8F4C05CD1C988C8900162834 /* Frameworks */ = {
			isa = PBXFrameworksBuildPhase;
			buildActionMask = 2147483647;
			files = (
			);
			runOnlyForDeploymentPostprocessing = 0;
		};
/* End PBXFrameworksBuildPhase section */

/* Begin PBXGroup section */
		8F4C05AE1C988C8900162834 = {
			isa = PBXGroup;
			children = (
				8F4C05B91C988C8900162834 /* UserAlbum */,
				8F4C05D31C988C8900162834 /* UserAlbumTests */,
				8F4C05B81C988C8900162834 /* Products */,
			);
			sourceTree = "<group>";
		};
		8F4C05B81C988C8900162834 /* Products */ = {
			isa = PBXGroup;
			children = (
				8F4C05B71C988C8900162834 /* UserAlbum.app */,
				8F4C05D01C988C8900162834 /* UserAlbumTests.xctest */,
			);
			name = Products;
			sourceTree = "<group>";
		};
		8F4C05B91C988C8900162834 /* UserAlbum */ = {
			isa = PBXGroup;
			children = (
				8F885CC81C99E3610034BF33 /* notes.md */,
				8F4C05E11C988E5400162834 /* Business Logic */,
				8F4C05E21C988E5B00162834 /* View Controller */,
				8F4C05DF1C988E4400162834 /* Model */,
				8F4C05E31C988E6800162834 /* Resources */,
				8F4C05CB1C988C8900162834 /* Info.plist */,
				8F885CF11C99E3E90034BF33 /* Extern */,
			);
			path = UserAlbum;
			sourceTree = "<group>";
		};
		8F4C05D31C988C8900162834 /* UserAlbumTests */ = {
			isa = PBXGroup;
			children = (
				8F4C05D41C988C8900162834 /* UserAlbumTests.swift */,
				8F4C05D61C988C8900162834 /* Info.plist */,
			);
			path = UserAlbumTests;
			sourceTree = "<group>";
		};
		8F4C05DF1C988E4400162834 /* Model */ = {
			isa = PBXGroup;
			children = (
				8F4C05EC1C988F9400162834 /* Human */,
				8F4C05F01C988F9400162834 /* Machine */,
			);
			name = Model;
			sourceTree = "<group>";
		};
		8F4C05E11C988E5400162834 /* Business Logic */ = {
			isa = PBXGroup;
			children = (
				8F4C05BA1C988C8900162834 /* AppDelegate.swift */,
				8F4C05FC1C989B6300162834 /* DataManager.swift */,
				8F4C05FA1C988FB200162834 /* APIAccessor.swift */,
			);
			name = "Business Logic";
			sourceTree = "<group>";
		};
		8F4C05E21C988E5B00162834 /* View Controller */ = {
			isa = PBXGroup;
			children = (
				8F4C05BF1C988C8900162834 /* UsersViewController.swift */,
				8F4C05FE1C98AC8C00162834 /* AlbumsViewController.swift */,
				8F4C06001C98AC9700162834 /* PhotosViewController.swift */,
				8F4C05C11C988C8900162834 /* DetailViewController.swift */,
				8F885CC41C99973D0034BF33 /* UserCell.swift */,
			);
			name = "View Controller";
			sourceTree = "<group>";
		};
		8F4C05E31C988E6800162834 /* Resources */ = {
			isa = PBXGroup;
			children = (
				8F4C05C81C988C8900162834 /* LaunchScreen.storyboard */,
				8F4C05C31C988C8900162834 /* Main.storyboard */,
				8F4C05C61C988C8900162834 /* Assets.xcassets */,
				8F4C05BC1C988C8900162834 /* UserAlbum.xcdatamodeld */,
			);
			name = Resources;
			sourceTree = "<group>";
		};
		8F4C05EC1C988F9400162834 /* Human */ = {
			isa = PBXGroup;
			children = (
				8F4C05EF1C988F9400162834 /* User.swift */,
				8F4C05ED1C988F9400162834 /* Album.swift */,
				8F4C05EE1C988F9400162834 /* Photo.swift */,
			);
			name = Human;
			path = Model/Human;
			sourceTree = "<group>";
		};
		8F4C05F01C988F9400162834 /* Machine */ = {
			isa = PBXGroup;
			children = (
				8F4C05F31C988F9400162834 /* _User.swift */,
				8F4C05F11C988F9400162834 /* _Album.swift */,
				8F4C05F21C988F9400162834 /* _Photo.swift */,
			);
			name = Machine;
			path = Model/Machine;
			sourceTree = "<group>";
		};
		8F885CCB1C99E3E10034BF33 /* Products */ = {
			isa = PBXGroup;
			children = (
				8F885CDA1C99E3E10034BF33 /* Kingfisher.framework */,
				8F885CDC1C99E3E10034BF33 /* Kingfisher.framework */,
				8F885CDE1C99E3E10034BF33 /* Kingfisher.framework */,
				8F885CE01C99E3E10034BF33 /* Kingfisher.framework */,
				8F885CE21C99E3E10034BF33 /* Kingfisher-Demo.app */,
				8F885CE41C99E3E10034BF33 /* Kingfisher-tvOS-Demo.app */,
				8F885CE61C99E3E10034BF33 /* Kingfisher-OSX-Demo.app */,
				8F885CE81C99E3E10034BF33 /* Kingfisher-watchOS-Demo.app */,
				8F885CEA1C99E3E10034BF33 /* Kingfisher-watchOS-Demo Extension.appex */,
				8F885CEC1C99E3E10034BF33 /* KingfisherTests.xctest */,
				8F885CEE1C99E3E10034BF33 /* KingfisherTests-tvOS.xctest */,
				8F885CF01C99E3E10034BF33 /* KingfisherTests-OSX.xctest */,
			);
			name = Products;
			sourceTree = "<group>";
		};
		8F885CF11C99E3E90034BF33 /* Extern */ = {
			isa = PBXGroup;
			children = (
				8F885CCA1C99E3E10034BF33 /* Kingfisher.xcodeproj */,
			);
			name = Extern;
			sourceTree = "<group>";
		};
/* End PBXGroup section */

/* Begin PBXNativeTarget section */
		8F4C05B61C988C8900162834 /* UserAlbum */ = {
			isa = PBXNativeTarget;
			buildConfigurationList = 8F4C05D91C988C8900162834 /* Build configuration list for PBXNativeTarget "UserAlbum" */;
			buildPhases = (
				8F4C05B31C988C8900162834 /* Sources */,
				8F4C05B41C988C8900162834 /* Frameworks */,
				8F4C05B51C988C8900162834 /* Resources */,
				8F885CF31C99E4600034BF33 /* Copy Frameworks */,
			);
			buildRules = (
			);
			dependencies = (
			);
			name = UserAlbum;
			productName = UserAlbum;
			productReference = 8F4C05B71C988C8900162834 /* UserAlbum.app */;
			productType = "com.apple.product-type.application";
		};
		8F4C05CF1C988C8900162834 /* UserAlbumTests */ = {
			isa = PBXNativeTarget;
			buildConfigurationList = 8F4C05DC1C988C8900162834 /* Build configuration list for PBXNativeTarget "UserAlbumTests" */;
			buildPhases = (
				8F4C05CC1C988C8900162834 /* Sources */,
				8F4C05CD1C988C8900162834 /* Frameworks */,
				8F4C05CE1C988C8900162834 /* Resources */,
			);
			buildRules = (
			);
			dependencies = (
				8F4C05D21C988C8900162834 /* PBXTargetDependency */,
			);
			name = UserAlbumTests;
			productName = UserAlbumTests;
			productReference = 8F4C05D01C988C8900162834 /* UserAlbumTests.xctest */;
			productType = "com.apple.product-type.bundle.unit-test";
		};
/* End PBXNativeTarget section */

/* Begin PBXProject section */
		8F4C05AF1C988C8900162834 /* Project object */ = {
			isa = PBXProject;
			attributes = {
				LastSwiftUpdateCheck = 0720;
				LastUpgradeCheck = 0720;
				ORGANIZATIONNAME = "Florian Heiber";
				TargetAttributes = {
					8F4C05B61C988C8900162834 = {
						CreatedOnToolsVersion = 7.2.1;
					};
					8F4C05CF1C988C8900162834 = {
						CreatedOnToolsVersion = 7.2.1;
						TestTargetID = 8F4C05B61C988C8900162834;
					};
				};
			};
			buildConfigurationList = 8F4C05B21C988C8900162834 /* Build configuration list for PBXProject "UserAlbum" */;
			compatibilityVersion = "Xcode 3.2";
			developmentRegion = English;
			hasScannedForEncodings = 0;
			knownRegions = (
				en,
				Base,
			);
			mainGroup = 8F4C05AE1C988C8900162834;
			productRefGroup = 8F4C05B81C988C8900162834 /* Products */;
			projectDirPath = "";
			projectReferences = (
				{
					ProductGroup = 8F885CCB1C99E3E10034BF33 /* Products */;
					ProjectRef = 8F885CCA1C99E3E10034BF33 /* Kingfisher.xcodeproj */;
				},
			);
			projectRoot = "";
			targets = (
				8F4C05B61C988C8900162834 /* UserAlbum */,
				8F4C05CF1C988C8900162834 /* UserAlbumTests */,
			);
		};
/* End PBXProject section */

/* Begin PBXReferenceProxy section */
		8F885CDA1C99E3E10034BF33 /* Kingfisher.framework */ = {
			isa = PBXReferenceProxy;
			fileType = wrapper.framework;
			path = Kingfisher.framework;
			remoteRef = 8F885CD91C99E3E10034BF33 /* PBXContainerItemProxy */;
			sourceTree = BUILT_PRODUCTS_DIR;
		};
		8F885CDC1C99E3E10034BF33 /* Kingfisher.framework */ = {
			isa = PBXReferenceProxy;
			fileType = wrapper.framework;
			path = Kingfisher.framework;
			remoteRef = 8F885CDB1C99E3E10034BF33 /* PBXContainerItemProxy */;
			sourceTree = BUILT_PRODUCTS_DIR;
		};
		8F885CDE1C99E3E10034BF33 /* Kingfisher.framework */ = {
			isa = PBXReferenceProxy;
			fileType = wrapper.framework;
			path = Kingfisher.framework;
			remoteRef = 8F885CDD1C99E3E10034BF33 /* PBXContainerItemProxy */;
			sourceTree = BUILT_PRODUCTS_DIR;
		};
		8F885CE01C99E3E10034BF33 /* Kingfisher.framework */ = {
			isa = PBXReferenceProxy;
			fileType = wrapper.framework;
			path = Kingfisher.framework;
			remoteRef = 8F885CDF1C99E3E10034BF33 /* PBXContainerItemProxy */;
			sourceTree = BUILT_PRODUCTS_DIR;
		};
		8F885CE21C99E3E10034BF33 /* Kingfisher-Demo.app */ = {
			isa = PBXReferenceProxy;
			fileType = wrapper.application;
			path = "Kingfisher-Demo.app";
			remoteRef = 8F885CE11C99E3E10034BF33 /* PBXContainerItemProxy */;
			sourceTree = BUILT_PRODUCTS_DIR;
		};
		8F885CE41C99E3E10034BF33 /* Kingfisher-tvOS-Demo.app */ = {
			isa = PBXReferenceProxy;
			fileType = wrapper.application;
			path = "Kingfisher-tvOS-Demo.app";
			remoteRef = 8F885CE31C99E3E10034BF33 /* PBXContainerItemProxy */;
			sourceTree = BUILT_PRODUCTS_DIR;
		};
		8F885CE61C99E3E10034BF33 /* Kingfisher-OSX-Demo.app */ = {
			isa = PBXReferenceProxy;
			fileType = wrapper.application;
			path = "Kingfisher-OSX-Demo.app";
			remoteRef = 8F885CE51C99E3E10034BF33 /* PBXContainerItemProxy */;
			sourceTree = BUILT_PRODUCTS_DIR;
		};
		8F885CE81C99E3E10034BF33 /* Kingfisher-watchOS-Demo.app */ = {
			isa = PBXReferenceProxy;
			fileType = wrapper.application;
			path = "Kingfisher-watchOS-Demo.app";
			remoteRef = 8F885CE71C99E3E10034BF33 /* PBXContainerItemProxy */;
			sourceTree = BUILT_PRODUCTS_DIR;
		};
		8F885CEA1C99E3E10034BF33 /* Kingfisher-watchOS-Demo Extension.appex */ = {
			isa = PBXReferenceProxy;
			fileType = "wrapper.app-extension";
			path = "Kingfisher-watchOS-Demo Extension.appex";
			remoteRef = 8F885CE91C99E3E10034BF33 /* PBXContainerItemProxy */;
			sourceTree = BUILT_PRODUCTS_DIR;
		};
		8F885CEC1C99E3E10034BF33 /* KingfisherTests.xctest */ = {
			isa = PBXReferenceProxy;
			fileType = wrapper.cfbundle;
			path = KingfisherTests.xctest;
			remoteRef = 8F885CEB1C99E3E10034BF33 /* PBXContainerItemProxy */;
			sourceTree = BUILT_PRODUCTS_DIR;
		};
		8F885CEE1C99E3E10034BF33 /* KingfisherTests-tvOS.xctest */ = {
			isa = PBXReferenceProxy;
			fileType = wrapper.cfbundle;
			path = "KingfisherTests-tvOS.xctest";
			remoteRef = 8F885CED1C99E3E10034BF33 /* PBXContainerItemProxy */;
			sourceTree = BUILT_PRODUCTS_DIR;
		};
		8F885CF01C99E3E10034BF33 /* KingfisherTests-OSX.xctest */ = {
			isa = PBXReferenceProxy;
			fileType = wrapper.cfbundle;
			path = "KingfisherTests-OSX.xctest";
			remoteRef = 8F885CEF1C99E3E10034BF33 /* PBXContainerItemProxy */;
			sourceTree = BUILT_PRODUCTS_DIR;
		};
/* End PBXReferenceProxy section */

/* Begin PBXResourcesBuildPhase section */
		8F4C05B51C988C8900162834 /* Resources */ = {
			isa = PBXResourcesBuildPhase;
			buildActionMask = 2147483647;
			files = (
				8F4C05CA1C988C8900162834 /* LaunchScreen.storyboard in Resources */,
				8F4C05C71C988C8900162834 /* Assets.xcassets in Resources */,
				8F4C05C51C988C8900162834 /* Main.storyboard in Resources */,
			);
			runOnlyForDeploymentPostprocessing = 0;
		};
		8F4C05CE1C988C8900162834 /* Resources */ = {
			isa = PBXResourcesBuildPhase;
			buildActionMask = 2147483647;
			files = (
			);
			runOnlyForDeploymentPostprocessing = 0;
		};
/* End PBXResourcesBuildPhase section */

/* Begin PBXSourcesBuildPhase section */
		8F4C05B31C988C8900162834 /* Sources */ = {
			isa = PBXSourcesBuildPhase;
			buildActionMask = 2147483647;
			files = (
				8F885CC91C99E3610034BF33 /* notes.md in Sources */,
				8F4C05F51C988F9400162834 /* Photo.swift in Sources */,
				8F4C05FD1C989B6300162834 /* DataManager.swift in Sources */,
				8F4C05BE1C988C8900162834 /* UserAlbum.xcdatamodeld in Sources */,
				8F4C05F91C988F9400162834 /* _User.swift in Sources */,
				8F4C05BB1C988C8900162834 /* AppDelegate.swift in Sources */,
				8F4C05C01C988C8900162834 /* UsersViewController.swift in Sources */,
				8F4C05FB1C988FB200162834 /* APIAccessor.swift in Sources */,
				8F4C05C21C988C8900162834 /* DetailViewController.swift in Sources */,
				8F885CC51C99973D0034BF33 /* UserCell.swift in Sources */,
				8F4C05F41C988F9400162834 /* Album.swift in Sources */,
				8F4C05F61C988F9400162834 /* User.swift in Sources */,
				8F4C05F81C988F9400162834 /* _Photo.swift in Sources */,
				8F4C06011C98AC9700162834 /* PhotosViewController.swift in Sources */,
				8F4C05FF1C98AC8C00162834 /* AlbumsViewController.swift in Sources */,
				8F4C05F71C988F9400162834 /* _Album.swift in Sources */,
			);
			runOnlyForDeploymentPostprocessing = 0;
		};
		8F4C05CC1C988C8900162834 /* Sources */ = {
			isa = PBXSourcesBuildPhase;
			buildActionMask = 2147483647;
			files = (
				8F4C06091C98B48A00162834 /* _User.swift in Sources */,
				8F4C06081C98B48600162834 /* Photo.swift in Sources */,
				8F4C06061C98B48000162834 /* User.swift in Sources */,
				8F4C05D51C988C8900162834 /* UserAlbumTests.swift in Sources */,
				8F4C06051C98B45200162834 /* DataManager.swift in Sources */,
				8F4C06041C98B44E00162834 /* APIAccessor.swift in Sources */,
				8F4C06071C98B48300162834 /* Album.swift in Sources */,
				8F4C060B1C98B49300162834 /* _Photo.swift in Sources */,
				8F4C060A1C98B48F00162834 /* _Album.swift in Sources */,
			);
			runOnlyForDeploymentPostprocessing = 0;
		};
/* End PBXSourcesBuildPhase section */

/* Begin PBXTargetDependency section */
		8F4C05D21C988C8900162834 /* PBXTargetDependency */ = {
			isa = PBXTargetDependency;
			target = 8F4C05B61C988C8900162834 /* UserAlbum */;
			targetProxy = 8F4C05D11C988C8900162834 /* PBXContainerItemProxy */;
		};
/* End PBXTargetDependency section */

/* Begin PBXVariantGroup section */
		8F4C05C31C988C8900162834 /* Main.storyboard */ = {
			isa = PBXVariantGroup;
			children = (
				8F4C05C41C988C8900162834 /* Base */,
			);
			name = Main.storyboard;
			sourceTree = "<group>";
		};
		8F4C05C81C988C8900162834 /* LaunchScreen.storyboard */ = {
			isa = PBXVariantGroup;
			children = (
				8F4C05C91C988C8900162834 /* Base */,
			);
			name = LaunchScreen.storyboard;
			sourceTree = "<group>";
		};
/* End PBXVariantGroup section */

/* Begin XCBuildConfiguration section */
		8F4C05D71C988C8900162834 /* Debug */ = {
			isa = XCBuildConfiguration;
			buildSettings = {
				ALWAYS_SEARCH_USER_PATHS = NO;
				CLANG_CXX_LANGUAGE_STANDARD = "gnu++0x";
				CLANG_CXX_LIBRARY = "libc++";
				CLANG_ENABLE_MODULES = YES;
				CLANG_ENABLE_OBJC_ARC = YES;
				CLANG_WARN_BOOL_CONVERSION = YES;
				CLANG_WARN_CONSTANT_CONVERSION = YES;
				CLANG_WARN_DIRECT_OBJC_ISA_USAGE = YES_ERROR;
				CLANG_WARN_EMPTY_BODY = YES;
				CLANG_WARN_ENUM_CONVERSION = YES;
				CLANG_WARN_INT_CONVERSION = YES;
				CLANG_WARN_OBJC_ROOT_CLASS = YES_ERROR;
				CLANG_WARN_UNREACHABLE_CODE = YES;
				CLANG_WARN__DUPLICATE_METHOD_MATCH = YES;
				"CODE_SIGN_IDENTITY[sdk=iphoneos*]" = "iPhone Developer";
				COPY_PHASE_STRIP = NO;
				DEBUG_INFORMATION_FORMAT = dwarf;
				ENABLE_STRICT_OBJC_MSGSEND = YES;
				ENABLE_TESTABILITY = YES;
				GCC_C_LANGUAGE_STANDARD = gnu99;
				GCC_DYNAMIC_NO_PIC = NO;
				GCC_NO_COMMON_BLOCKS = YES;
				GCC_OPTIMIZATION_LEVEL = 0;
				GCC_PREPROCESSOR_DEFINITIONS = (
					"DEBUG=1",
					"$(inherited)",
				);
				GCC_WARN_64_TO_32_BIT_CONVERSION = YES;
				GCC_WARN_ABOUT_RETURN_TYPE = YES_ERROR;
				GCC_WARN_UNDECLARED_SELECTOR = YES;
				GCC_WARN_UNINITIALIZED_AUTOS = YES_AGGRESSIVE;
				GCC_WARN_UNUSED_FUNCTION = YES;
				GCC_WARN_UNUSED_VARIABLE = YES;
				IPHONEOS_DEPLOYMENT_TARGET = 9.2;
				MTL_ENABLE_DEBUG_INFO = YES;
				ONLY_ACTIVE_ARCH = YES;
				SDKROOT = iphoneos;
				SWIFT_OPTIMIZATION_LEVEL = "-Onone";
				TARGETED_DEVICE_FAMILY = 2;
			};
			name = Debug;
		};
		8F4C05D81C988C8900162834 /* Release */ = {
			isa = XCBuildConfiguration;
			buildSettings = {
				ALWAYS_SEARCH_USER_PATHS = NO;
				CLANG_CXX_LANGUAGE_STANDARD = "gnu++0x";
				CLANG_CXX_LIBRARY = "libc++";
				CLANG_ENABLE_MODULES = YES;
				CLANG_ENABLE_OBJC_ARC = YES;
				CLANG_WARN_BOOL_CONVERSION = YES;
				CLANG_WARN_CONSTANT_CONVERSION = YES;
				CLANG_WARN_DIRECT_OBJC_ISA_USAGE = YES_ERROR;
				CLANG_WARN_EMPTY_BODY = YES;
				CLANG_WARN_ENUM_CONVERSION = YES;
				CLANG_WARN_INT_CONVERSION = YES;
				CLANG_WARN_OBJC_ROOT_CLASS = YES_ERROR;
				CLANG_WARN_UNREACHABLE_CODE = YES;
				CLANG_WARN__DUPLICATE_METHOD_MATCH = YES;
				"CODE_SIGN_IDENTITY[sdk=iphoneos*]" = "iPhone Developer";
				COPY_PHASE_STRIP = NO;
				DEBUG_INFORMATION_FORMAT = "dwarf-with-dsym";
				ENABLE_NS_ASSERTIONS = NO;
				ENABLE_STRICT_OBJC_MSGSEND = YES;
				GCC_C_LANGUAGE_STANDARD = gnu99;
				GCC_NO_COMMON_BLOCKS = YES;
				GCC_WARN_64_TO_32_BIT_CONVERSION = YES;
				GCC_WARN_ABOUT_RETURN_TYPE = YES_ERROR;
				GCC_WARN_UNDECLARED_SELECTOR = YES;
				GCC_WARN_UNINITIALIZED_AUTOS = YES_AGGRESSIVE;
				GCC_WARN_UNUSED_FUNCTION = YES;
				GCC_WARN_UNUSED_VARIABLE = YES;
				IPHONEOS_DEPLOYMENT_TARGET = 9.2;
				MTL_ENABLE_DEBUG_INFO = NO;
				SDKROOT = iphoneos;
				TARGETED_DEVICE_FAMILY = 2;
				VALIDATE_PRODUCT = YES;
			};
			name = Release;
		};
		8F4C05DA1C988C8900162834 /* Debug */ = {
			isa = XCBuildConfiguration;
			buildSettings = {
				ASSETCATALOG_COMPILER_APPICON_NAME = AppIcon;
				INFOPLIST_FILE = UserAlbum/Info.plist;
				LD_RUNPATH_SEARCH_PATHS = "$(inherited) @executable_path/Frameworks";
				PRODUCT_BUNDLE_IDENTIFIER = com.florianheiber.UserAlbum;
				PRODUCT_NAME = "$(TARGET_NAME)";
			};
			name = Debug;
		};
		8F4C05DB1C988C8900162834 /* Release */ = {
			isa = XCBuildConfiguration;
			buildSettings = {
				ASSETCATALOG_COMPILER_APPICON_NAME = AppIcon;
				INFOPLIST_FILE = UserAlbum/Info.plist;
				LD_RUNPATH_SEARCH_PATHS = "$(inherited) @executable_path/Frameworks";
				PRODUCT_BUNDLE_IDENTIFIER = com.florianheiber.UserAlbum;
				PRODUCT_NAME = "$(TARGET_NAME)";
			};
			name = Release;
		};
		8F4C05DD1C988C8900162834 /* Debug */ = {
			isa = XCBuildConfiguration;
			buildSettings = {
				BUNDLE_LOADER = "$(TEST_HOST)";
				INFOPLIST_FILE = UserAlbumTests/Info.plist;
				LD_RUNPATH_SEARCH_PATHS = "$(inherited) @executable_path/Frameworks @loader_path/Frameworks";
				PRODUCT_BUNDLE_IDENTIFIER = com.florianheiber.UserAlbumTests;
				PRODUCT_NAME = "$(TARGET_NAME)";
				TEST_HOST = "$(BUILT_PRODUCTS_DIR)/UserAlbum.app/UserAlbum";
			};
			name = Debug;
		};
		8F4C05DE1C988C8900162834 /* Release */ = {
			isa = XCBuildConfiguration;
			buildSettings = {
				BUNDLE_LOADER = "$(TEST_HOST)";
				INFOPLIST_FILE = UserAlbumTests/Info.plist;
				LD_RUNPATH_SEARCH_PATHS = "$(inherited) @executable_path/Frameworks @loader_path/Frameworks";
				PRODUCT_BUNDLE_IDENTIFIER = com.florianheiber.UserAlbumTests;
				PRODUCT_NAME = "$(TARGET_NAME)";
				TEST_HOST = "$(BUILT_PRODUCTS_DIR)/UserAlbum.app/UserAlbum";
			};
			name = Release;
		};
/* End XCBuildConfiguration section */

/* Begin XCConfigurationList section */
		8F4C05B21C988C8900162834 /* Build configuration list for PBXProject "UserAlbum" */ = {
			isa = XCConfigurationList;
			buildConfigurations = (
				8F4C05D71C988C8900162834 /* Debug */,
				8F4C05D81C988C8900162834 /* Release */,
			);
			defaultConfigurationIsVisible = 0;
			defaultConfigurationName = Release;
		};
		8F4C05D91C988C8900162834 /* Build configuration list for PBXNativeTarget "UserAlbum" */ = {
			isa = XCConfigurationList;
			buildConfigurations = (
				8F4C05DA1C988C8900162834 /* Debug */,
				8F4C05DB1C988C8900162834 /* Release */,
			);
			defaultConfigurationIsVisible = 0;
			defaultConfigurationName = Release;
		};
		8F4C05DC1C988C8900162834 /* Build configuration list for PBXNativeTarget "UserAlbumTests" */ = {
			isa = XCConfigurationList;
			buildConfigurations = (
				8F4C05DD1C988C8900162834 /* Debug */,
				8F4C05DE1C988C8900162834 /* Release */,
			);
			defaultConfigurationIsVisible = 0;
			defaultConfigurationName = Release;
		};
/* End XCConfigurationList section */

/* Begin XCVersionGroup section */
		8F4C05BC1C988C8900162834 /* UserAlbum.xcdatamodeld */ = {
			isa = XCVersionGroup;
			children = (
				8F4C05BD1C988C8900162834 /* UserAlbum.xcdatamodel */,
			);
			currentVersion = 8F4C05BD1C988C8900162834 /* UserAlbum.xcdatamodel */;
			path = UserAlbum.xcdatamodeld;
			sourceTree = "<group>";
			versionGroupType = wrapper.xcdatamodel;
		};
/* End XCVersionGroup section */
	};
	rootObject = 8F4C05AF1C988C8900162834 /* Project object */;
}
